
Microsoft Visual Studio Solution File, Format Version 12.00
# Visual Studio 15
VisualStudioVersion = 15.0.27130.2010
MinimumVisualStudioVersion = 10.0.40219.1
Project("{8BC9CEB8-8B4A-11D0-8D11-00A0C91BC942}") = "二叉树", "二叉树\二叉树.vcxproj", "{C5F86CC6-A7B4-440B-B5AC-8D2088FC2043}"
EndProject
Project("{8BC9CEB8-8B4A-11D0-8D11-00A0C91BC942}") = "字符串逆序-递归", "字符串逆序-递归\字符串逆序-递归.vcxproj", "{08B7BFC0-C0D7-4897-9C16-EE569EF7DF5C}"
EndProject
Project("{8BC9CEB8-8B4A-11D0-8D11-00A0C91BC942}") = "函数入栈出栈过程", "函数入栈出栈过程\函数入栈出栈过程.vcxproj", "{20D3EF0E-C932-4E44-90ED-06FD352D6803}"
EndProject
Global
	GlobalSection(SolutionConfigurationPlatforms) = preSolution
		Debug|x64 = Debug|x64
		Debug|x86 = Debug|x86
		Release|x64 = Release|x64
		Release|x86 = Release|x86
	EndGlobalSection
	GlobalSection(ProjectConfigurationPlatforms) = postSolution
		{C5F86CC6-A7B4-440B-B5AC-8D2088FC2043}.Debug|x64.ActiveCfg = Debug|x64
		{C5F86CC6-A7B4-440B-B5AC-8D2088FC2043}.Debug|x64.Build.0 = Debug|x64
		{C5F86CC6-A7B4-440B-B5AC-8D2088FC2043}.Debug|x86.ActiveCfg = Debug|Win32
		{C5F86CC6-A7B4-440B-B5AC-8D2088FC2043}.Debug|x86.Build.0 = Debug|Win32
		{C5F86CC6-A7B4-440B-B5AC-8D2088FC2043}.Release|x64.ActiveCfg = Release|x64
		{C5F86CC6-A7B4-440B-B5AC-8D2088FC2043}.Release|x64.Build.0 = Release|x64
		{C5F86CC6-A7B4-440B-B5AC-8D2088FC2043}.Release|x86.ActiveCfg = Release|Win32
		{C5F86CC6-A7B4-440B-B5AC-8D2088FC2043}.Release|x86.Build.0 = Release|Win32
		{08B7BFC0-C0D7-4897-9C16-EE569EF7DF5C}.Debug|x64.ActiveCfg = Debug|x64
		{08B7BFC0-C0D7-4897-9C16-EE569EF7DF5C}.Debug|x64.Build.0 = Debug|x64
		{08B7BFC0-C0D7-4897-9C16-EE569EF7DF5C}.Debug|x86.ActiveCfg = Debug|Win32
		{08B7BFC0-C0D7-4897-9C16-EE569EF7DF5C}.Debug|x86.Build.0 = Debug|Win32
		{08B7BFC0-C0D7-4897-9C16-EE569EF7DF5C}.Release|x64.ActiveCfg = Release|x64
		{08B7BFC0-C0D7-4897-9C16-EE569EF7DF5C}.Release|x64.Build.0 = Release|x64
		{08B7BFC0-C0D7-4897-9C16-EE569EF7DF5C}.Release|x86.ActiveCfg = Release|Win32
		{08B7BFC0-C0D7-4897-9C16-EE569EF7DF5C}.Release|x86.Build.0 = Release|Win32
		{20D3EF0E-C932-4E44-90ED-06FD352D6803}.Debug|x64.ActiveCfg = Debug|x64
		{20D3EF0E-C932-4E44-90ED-06FD352D6803}.Debug|x64.Build.0 = Debug|x64
		{20D3EF0E-C932-4E44-90ED-06FD352D6803}.Debug|x86.ActiveCfg = Debug|Win32
		{20D3EF0E-C932-4E44-90ED-06FD352D6803}.Debug|x86.Build.0 = Debug|Win32
		{20D3EF0E-C932-4E44-90ED-06FD352D6803}.Release|x64.ActiveCfg = Release|x64
		{20D3EF0E-C932-4E44-90ED-06FD352D6803}.Release|x64.Build.0 = Release|x64
		{20D3EF0E-C932-4E44-90ED-06FD352D6803}.Release|x86.ActiveCfg = Release|Win32
		{20D3EF0E-C932-4E44-90ED-06FD352D6803}.Release|x86.Build.0 = Release|Win32
	EndGlobalSection
	GlobalSection(SolutionProperties) = preSolution
		HideSolutionNode = FALSE
	EndGlobalSection
	GlobalSection(ExtensibilityGlobals) = postSolution
		SolutionGuid = {71586787-E863-4D7C-884C-35D2C35113D4}
	EndGlobalSection
EndGlobal
